
Microsoft Visual Studio Solution File, Format Version 12.00
# Visual Studio 2013
VisualStudioVersion = 12.0.30723.0
MinimumVisualStudioVersion = 10.0.40219.1
Project("{FAE04EC0-301F-11D3-BF4B-00C04F79EFBC}") = "HelloWorld", "HelloWorld\HelloWorld.csproj", "{042C504B-98F9-4ADF-BB1E-57F9270896DA}"
EndProject
Project("{FAE04EC0-301F-11D3-BF4B-00C04F79EFBC}") = "HomeLibrary3", "HomeLibrary3\HomeLibrary3.csproj", "{2399A18F-F05A-4648-BA63-4E572FF058DE}"
EndProject
Global
	GlobalSection(SolutionConfigurationPlatforms) = preSolution
		Debug|Any CPU = Debug|Any CPU
		Release|Any CPU = Release|Any CPU
	EndGlobalSection
	GlobalSection(ProjectConfigurationPlatforms) = postSolution
		{042C504B-98F9-4ADF-BB1E-57F9270896DA}.Debug|Any CPU.ActiveCfg = Debug|Any CPU
		{042C504B-98F9-4ADF-BB1E-57F9270896DA}.Debug|Any CPU.Build.0 = Debug|Any CPU
		{042C504B-98F9-4ADF-BB1E-57F9270896DA}.Release|Any CPU.ActiveCfg = Release|Any CPU
		{042C504B-98F9-4ADF-BB1E-57F9270896DA}.Release|Any CPU.Build.0 = Release|Any CPU
		{2399A18F-F05A-4648-BA63-4E572FF058DE}.Debug|Any CPU.ActiveCfg = Debug|Any CPU
		{2399A18F-F05A-4648-BA63-4E572FF058DE}.Debug|Any CPU.Build.0 = Debug|Any CPU
		{2399A18F-F05A-4648-BA63-4E572FF058DE}.Release|Any CPU.ActiveCfg = Release|Any CPU
		{2399A18F-F05A-4648-BA63-4E572FF058DE}.Release|Any CPU.Build.0 = Release|Any CPU
	EndGlobalSection
	GlobalSection(SolutionProperties) = preSolution
		HideSolutionNode = FALSE
	EndGlobalSection
EndGlobal
